<?xml version="1.0" encoding="utf-8"?>
<Project ToolsVersion="4.0" xmlns="http://schemas.microsoft.com/developer/msbuild/2003">
  <ItemGroup>
    <Filter Include="Source Files">
      <UniqueIdentifier>{4FC737F1-C7A5-4376-A066-2A32D752A2FF}</UniqueIdentifier>
      <Extensions>cpp;c;cc;cxx;def;odl;idl;hpj;bat;asm;asmx</Extensions>
    </Filter>
    <Filter Include="Header Files">
      <UniqueIdentifier>{93995380-89BD-4b04-88EB-625FBE52EBFB}</UniqueIdentifier>
      <Extensions>h;hh;hpp;hxx;hm;inl;inc;xsd</Extensions>
    </Filter>
    <Filter Include="Resource Files">
      <UniqueIdentifier>{67DA6AB6-F800-4c08-8B7A-83BB121AAD01}</UniqueIdentifier>
      <Extensions>rc;ico;cur;bmp;dlg;rc2;rct;bin;rgs;gif;jpg;jpeg;jpe;resx;tiff;tif;png;wav</Extensions>
    </Filter>
    <Filter Include="Header Files\Basic Tools">
      <UniqueIdentifier>{241353f9-f07b-4262-a001-35fb0e533fd1}</UniqueIdentifier>
    </Filter>
    <Filter Include="Source Files\Log System">
      <UniqueIdentifier>{7628bacb-1d4b-40bb-8c81-16d24568aeb9}</UniqueIdentifier>
    </Filter>
  </ItemGroup>
  <ItemGroup>
    <ClCompile Include="..\core\src\Log System\log_manager.cpp">
      <Filter>Source Files\Log System</Filter>
    </ClCompile>
    <ClCompile Include="..\core\src\Log System\logger.cpp">
      <Filter>Source Files\Log System</Filter>
    </ClCompile>
  </ItemGroup>
  <ItemGroup>
    <ClInclude Include="..\core\include\log_system.h">
      <Filter>Header Files</Filter>
    </ClInclude>
    <ClInclude Include="..\core\include\Basic Tools\file_basic_tools.h">
      <Filter>Header Files\Basic Tools</Filter>
    </ClInclude>
  </ItemGroup>
</Project>